
Microsoft Visual Studio Solution File, Format Version 11.00
# Visual Studio 2010
Project("{FAE04EC0-301F-11D3-BF4B-00C04F79EFBC}") = "Survival-Game-Engine", "Assembly-CSharp.csproj", "{34BD02DF-31B2-C473-9024-8FC1F58501D4}"
EndProject
Project("{FAE04EC0-301F-11D3-BF4B-00C04F79EFBC}") = "Survival-Game-Engine", "Assembly-CSharp-firstpass.csproj", "{5A88198F-8133-0225-83EA-25BB85FDB41D}"
EndProject
Project("{FAE04EC0-301F-11D3-BF4B-00C04F79EFBC}") = "Survival-Game-Engine", "Assembly-CSharp-Editor-firstpass.csproj", "{986B4469-6EA1-A856-5533-9491E7BBB0D0}"
EndProject
Global
	GlobalSection(SolutionConfigurationPlatforms) = preSolution
		Debug|Any CPU = Debug|Any CPU
		Release|Any CPU = Release|Any CPU
	EndGlobalSection
	GlobalSection(ProjectConfigurationPlatforms) = postSolution
		{34BD02DF-31B2-C473-9024-8FC1F58501D4}.Debug|Any CPU.ActiveCfg = Debug|Any CPU
		{34BD02DF-31B2-C473-9024-8FC1F58501D4}.Debug|Any CPU.Build.0 = Debug|Any CPU
		{34BD02DF-31B2-C473-9024-8FC1F58501D4}.Release|Any CPU.ActiveCfg = Release|Any CPU
		{34BD02DF-31B2-C473-9024-8FC1F58501D4}.Release|Any CPU.Build.0 = Release|Any CPU
		{5A88198F-8133-0225-83EA-25BB85FDB41D}.Debug|Any CPU.ActiveCfg = Debug|Any CPU
		{5A88198F-8133-0225-83EA-25BB85FDB41D}.Debug|Any CPU.Build.0 = Debug|Any CPU
		{5A88198F-8133-0225-83EA-25BB85FDB41D}.Release|Any CPU.ActiveCfg = Release|Any CPU
		{5A88198F-8133-0225-83EA-25BB85FDB41D}.Release|Any CPU.Build.0 = Release|Any CPU
		{986B4469-6EA1-A856-5533-9491E7BBB0D0}.Debug|Any CPU.ActiveCfg = Debug|Any CPU
		{986B4469-6EA1-A856-5533-9491E7BBB0D0}.Debug|Any CPU.Build.0 = Debug|Any CPU
		{986B4469-6EA1-A856-5533-9491E7BBB0D0}.Release|Any CPU.ActiveCfg = Release|Any CPU
		{986B4469-6EA1-A856-5533-9491E7BBB0D0}.Release|Any CPU.Build.0 = Release|Any CPU
	EndGlobalSection
	GlobalSection(SolutionProperties) = preSolution
		HideSolutionNode = FALSE
	EndGlobalSection
	GlobalSection(MonoDevelopProperties) = preSolution
		StartupItem = Assembly-CSharp.csproj
	EndGlobalSection
EndGlobal
